
Microsoft Visual Studio Solution File, Format Version 12.00
# Visual Studio 15
VisualStudioVersion = 15.0.27703.2035
MinimumVisualStudioVersion = 10.0.40219.1
Project("{FAE04EC0-301F-11D3-BF4B-00C04F79EFBC}") = "QC_Vision_Tolerance_Control", "QC_Vision_Tolerance_Control\QC_Vision_Tolerance_Control.csproj", "{D1B9E0DA-2977-4F97-9F01-040DAD66A578}"
EndProject
Global
	GlobalSection(SolutionConfigurationPlatforms) = preSolution
		Debug|Any CPU = Debug|Any CPU
		Release|Any CPU = Release|Any CPU
	EndGlobalSection
	GlobalSection(ProjectConfigurationPlatforms) = postSolution
		{D1B9E0DA-2977-4F97-9F01-040DAD66A578}.Debug|Any CPU.ActiveCfg = Debug|Any CPU
		{D1B9E0DA-2977-4F97-9F01-040DAD66A578}.Debug|Any CPU.Build.0 = Debug|Any CPU
		{D1B9E0DA-2977-4F97-9F01-040DAD66A578}.Release|Any CPU.ActiveCfg = Release|Any CPU
		{D1B9E0DA-2977-4F97-9F01-040DAD66A578}.Release|Any CPU.Build.0 = Release|Any CPU
	EndGlobalSection
	GlobalSection(SolutionProperties) = preSolution
		HideSolutionNode = FALSE
	EndGlobalSection
	GlobalSection(ExtensibilityGlobals) = postSolution
		SolutionGuid = {5E8567FF-F03C-4953-A47E-85D7245EE67F}
	EndGlobalSection
EndGlobal
